
Microsoft Visual Studio Solution File, Format Version 12.00
# Visual Studio Version 17
VisualStudioVersion = 17.11.35219.272
MinimumVisualStudioVersion = 10.0.40219.1
Project("{8BC9CEB8-8B4A-11D0-8D11-00A0C91BC942}") = "010", "010\010.vcxproj", "{D27A1594-4623-4C6D-B326-A62B2ABDD354}"
EndProject
Project("{8BC9CEB8-8B4A-11D0-8D11-00A0C91BC942}") = "011", "011\011.vcxproj", "{E8926EBE-C7E7-40DD-9DF1-E5C9D524BAB1}"
EndProject
Project("{8BC9CEB8-8B4A-11D0-8D11-00A0C91BC942}") = "012", "012\012.vcxproj", "{FAA2461B-0BC5-40E6-B1F5-E00094A35A34}"
EndProject
Project("{8BC9CEB8-8B4A-11D0-8D11-00A0C91BC942}") = "001", "001\001.vcxproj", "{2925D041-40C6-435C-9808-2824C292F1F4}"
EndProject
Project("{8BC9CEB8-8B4A-11D0-8D11-00A0C91BC942}") = "002", "002\002.vcxproj", "{4139D277-A965-4720-89F9-9086267D9830}"
EndProject
Project("{8BC9CEB8-8B4A-11D0-8D11-00A0C91BC942}") = "003", "003\003.vcxproj", "{796F49AA-96F5-49C8-8419-44D4D0AF5166}"
EndProject
Project("{8BC9CEB8-8B4A-11D0-8D11-00A0C91BC942}") = "004", "004\004.vcxproj", "{CB7D0A70-ED43-40A1-8A33-22FD77DFE902}"
EndProject
Project("{8BC9CEB8-8B4A-11D0-8D11-00A0C91BC942}") = "005", "005\005.vcxproj", "{4DA40EDB-0F15-4340-80BB-9139D55528E5}"
EndProject
Project("{8BC9CEB8-8B4A-11D0-8D11-00A0C91BC942}") = "006", "006\006.vcxproj", "{C68DE210-73E2-4396-B5DD-D89B8462FC51}"
EndProject
Project("{8BC9CEB8-8B4A-11D0-8D11-00A0C91BC942}") = "007", "007\007.vcxproj", "{22E4741C-768E-41E4-BC82-09E659ACD81D}"
EndProject
Project("{8BC9CEB8-8B4A-11D0-8D11-00A0C91BC942}") = "008", "008\008.vcxproj", "{B12FA4BE-B126-49C3-9FB4-9B8CD3CD2F52}"
EndProject
Project("{8BC9CEB8-8B4A-11D0-8D11-00A0C91BC942}") = "009", "009\009.vcxproj", "{DADA6D12-2A96-428B-BF83-2369BA3CE67F}"
EndProject
Project("{8BC9CEB8-8B4A-11D0-8D11-00A0C91BC942}") = "016", "016\016.vcxproj", "{95ACF356-99E6-423B-A3AD-7B11F9721734}"
EndProject
Project("{8BC9CEB8-8B4A-11D0-8D11-00A0C91BC942}") = "017", "017\017.vcxproj", "{93670141-6D49-4F39-A365-ADEE830AA115}"
EndProject
Project("{8BC9CEB8-8B4A-11D0-8D11-00A0C91BC942}") = "018", "018\018.vcxproj", "{166FD826-DD34-4202-8616-A9CAF4C88D4D}"
EndProject
Project("{8BC9CEB8-8B4A-11D0-8D11-00A0C91BC942}") = "019", "019\019.vcxproj", "{29F2D909-331B-4B0E-81EE-B009B4976472}"
EndProject
Project("{8BC9CEB8-8B4A-11D0-8D11-00A0C91BC942}") = "020", "020\020.vcxproj", "{EEB47ECA-086E-4364-97B1-2BCA1A0166D1}"
EndProject
Project("{8BC9CEB8-8B4A-11D0-8D11-00A0C91BC942}") = "000", "000\000.vcxproj", "{194776F0-40FF-4B20-8061-20DFCE9846B5}"
EndProject
Project("{8BC9CEB8-8B4A-11D0-8D11-00A0C91BC942}") = "021", "021\021.vcxproj", "{F11D19F0-8862-4893-8FED-8F72ECEF7510}"
EndProject
Project("{8BC9CEB8-8B4A-11D0-8D11-00A0C91BC942}") = "022", "022\022.vcxproj", "{50720CAB-5683-411C-87AA-EE4320286C88}"
EndProject
Project("{8BC9CEB8-8B4A-11D0-8D11-00A0C91BC942}") = "000_II", "000_II\000_II.vcxproj", "{4AFB65D3-E39D-4E3E-857D-37527F5E4D25}"
EndProject
Project("{8BC9CEB8-8B4A-11D0-8D11-00A0C91BC942}") = "023", "023\023.vcxproj", "{26DC945B-4A5D-4651-B1ED-176D86B38F31}"
EndProject
Project("{8BC9CEB8-8B4A-11D0-8D11-00A0C91BC942}") = "024", "024\024.vcxproj", "{7C8111C6-2776-46B7-BA0E-8BC9F2972FAD}"
EndProject
Project("{8BC9CEB8-8B4A-11D0-8D11-00A0C91BC942}") = "025", "025\025.vcxproj", "{F605C9A3-9619-42E7-8F63-A154E256B31E}"
EndProject
Project("{8BC9CEB8-8B4A-11D0-8D11-00A0C91BC942}") = "026", "026\026.vcxproj", "{8C1CBF04-BFB4-400C-974D-363DD514569D}"
EndProject
Project("{8BC9CEB8-8B4A-11D0-8D11-00A0C91BC942}") = "027", "027\027.vcxproj", "{3576D738-C97B-4C03-86AC-8A0146910BC8}"
EndProject
Project("{8BC9CEB8-8B4A-11D0-8D11-00A0C91BC942}") = "029", "029\029.vcxproj", "{0B9E7177-E85E-441D-A82B-E194FF60D82B}"
EndProject
Project("{8BC9CEB8-8B4A-11D0-8D11-00A0C91BC942}") = "030", "030\030.vcxproj", "{A8E37D17-0068-4298-892A-919BD0A13CBB}"
EndProject
Project("{8BC9CEB8-8B4A-11D0-8D11-00A0C91BC942}") = "032", "032\032.vcxproj", "{E0892B1F-083D-4228-9BED-39C8937E225B}"
EndProject
Project("{8BC9CEB8-8B4A-11D0-8D11-00A0C91BC942}") = "033", "033\033.vcxproj", "{3D38D526-F063-442F-AF10-DAC8DB4F0C78}"
EndProject
Global
	GlobalSection(SolutionConfigurationPlatforms) = preSolution
		Debug|x64 = Debug|x64
		Debug|x86 = Debug|x86
		Release|x64 = Release|x64
		Release|x86 = Release|x86
	EndGlobalSection
	GlobalSection(ProjectConfigurationPlatforms) = postSolution
		{D27A1594-4623-4C6D-B326-A62B2ABDD354}.Debug|x64.ActiveCfg = Debug|x64
		{D27A1594-4623-4C6D-B326-A62B2ABDD354}.Debug|x64.Build.0 = Debug|x64
		{D27A1594-4623-4C6D-B326-A62B2ABDD354}.Debug|x86.ActiveCfg = Debug|Win32
		{D27A1594-4623-4C6D-B326-A62B2ABDD354}.Debug|x86.Build.0 = Debug|Win32
		{D27A1594-4623-4C6D-B326-A62B2ABDD354}.Release|x64.ActiveCfg = Release|x64
		{D27A1594-4623-4C6D-B326-A62B2ABDD354}.Release|x64.Build.0 = Release|x64
		{D27A1594-4623-4C6D-B326-A62B2ABDD354}.Release|x86.ActiveCfg = Release|Win32
		{D27A1594-4623-4C6D-B326-A62B2ABDD354}.Release|x86.Build.0 = Release|Win32
		{E8926EBE-C7E7-40DD-9DF1-E5C9D524BAB1}.Debug|x64.ActiveCfg = Debug|x64
		{E8926EBE-C7E7-40DD-9DF1-E5C9D524BAB1}.Debug|x64.Build.0 = Debug|x64
		{E8926EBE-C7E7-40DD-9DF1-E5C9D524BAB1}.Debug|x86.ActiveCfg = Debug|Win32
		{E8926EBE-C7E7-40DD-9DF1-E5C9D524BAB1}.Debug|x86.Build.0 = Debug|Win32
		{E8926EBE-C7E7-40DD-9DF1-E5C9D524BAB1}.Release|x64.ActiveCfg = Release|x64
		{E8926EBE-C7E7-40DD-9DF1-E5C9D524BAB1}.Release|x64.Build.0 = Release|x64
		{E8926EBE-C7E7-40DD-9DF1-E5C9D524BAB1}.Release|x86.ActiveCfg = Release|Win32
		{E8926EBE-C7E7-40DD-9DF1-E5C9D524BAB1}.Release|x86.Build.0 = Release|Win32
		{FAA2461B-0BC5-40E6-B1F5-E00094A35A34}.Debug|x64.ActiveCfg = Debug|x64
		{FAA2461B-0BC5-40E6-B1F5-E00094A35A34}.Debug|x64.Build.0 = Debug|x64
		{FAA2461B-0BC5-40E6-B1F5-E00094A35A34}.Debug|x86.ActiveCfg = Debug|Win32
		{FAA2461B-0BC5-40E6-B1F5-E00094A35A34}.Debug|x86.Build.0 = Debug|Win32
		{FAA2461B-0BC5-40E6-B1F5-E00094A35A34}.Release|x64.ActiveCfg = Release|x64
		{FAA2461B-0BC5-40E6-B1F5-E00094A35A34}.Release|x64.Build.0 = Release|x64
		{FAA2461B-0BC5-40E6-B1F5-E00094A35A34}.Release|x86.ActiveCfg = Release|Win32
		{FAA2461B-0BC5-40E6-B1F5-E00094A35A34}.Release|x86.Build.0 = Release|Win32
		{2925D041-40C6-435C-9808-2824C292F1F4}.Debug|x64.ActiveCfg = Debug|x64
		{2925D041-40C6-435C-9808-2824C292F1F4}.Debug|x64.Build.0 = Debug|x64
		{2925D041-40C6-435C-9808-2824C292F1F4}.Debug|x86.ActiveCfg = Debug|Win32
		{2925D041-40C6-435C-9808-2824C292F1F4}.Debug|x86.Build.0 = Debug|Win32
		{2925D041-40C6-435C-9808-2824C292F1F4}.Release|x64.ActiveCfg = Release|x64
		{2925D041-40C6-435C-9808-2824C292F1F4}.Release|x64.Build.0 = Release|x64
		{2925D041-40C6-435C-9808-2824C292F1F4}.Release|x86.ActiveCfg = Release|Win32
		{2925D041-40C6-435C-9808-2824C292F1F4}.Release|x86.Build.0 = Release|Win32
		{4139D277-A965-4720-89F9-9086267D9830}.Debug|x64.ActiveCfg = Debug|x64
		{4139D277-A965-4720-89F9-9086267D9830}.Debug|x64.Build.0 = Debug|x64
		{4139D277-A965-4720-89F9-9086267D9830}.Debug|x86.ActiveCfg = Debug|Win32
		{4139D277-A965-4720-89F9-9086267D9830}.Debug|x86.Build.0 = Debug|Win32
		{4139D277-A965-4720-89F9-9086267D9830}.Release|x64.ActiveCfg = Release|x64
		{4139D277-A965-4720-89F9-9086267D9830}.Release|x64.Build.0 = Release|x64
		{4139D277-A965-4720-89F9-9086267D9830}.Release|x86.ActiveCfg = Release|Win32
		{4139D277-A965-4720-89F9-9086267D9830}.Release|x86.Build.0 = Release|Win32
		{796F49AA-96F5-49C8-8419-44D4D0AF5166}.Debug|x64.ActiveCfg = Debug|x64
		{796F49AA-96F5-49C8-8419-44D4D0AF5166}.Debug|x64.Build.0 = Debug|x64
		{796F49AA-96F5-49C8-8419-44D4D0AF5166}.Debug|x86.ActiveCfg = Debug|Win32
		{796F49AA-96F5-49C8-8419-44D4D0AF5166}.Debug|x86.Build.0 = Debug|Win32
		{796F49AA-96F5-49C8-8419-44D4D0AF5166}.Release|x64.ActiveCfg = Release|x64
		{796F49AA-96F5-49C8-8419-44D4D0AF5166}.Release|x64.Build.0 = Release|x64
		{796F49AA-96F5-49C8-8419-44D4D0AF5166}.Release|x86.ActiveCfg = Release|Win32
		{796F49AA-96F5-49C8-8419-44D4D0AF5166}.Release|x86.Build.0 = Release|Win32
		{CB7D0A70-ED43-40A1-8A33-22FD77DFE902}.Debug|x64.ActiveCfg = Debug|x64
		{CB7D0A70-ED43-40A1-8A33-22FD77DFE902}.Debug|x64.Build.0 = Debug|x64
		{CB7D0A70-ED43-40A1-8A33-22FD77DFE902}.Debug|x86.ActiveCfg = Debug|Win32
		{CB7D0A70-ED43-40A1-8A33-22FD77DFE902}.Debug|x86.Build.0 = Debug|Win32
		{CB7D0A70-ED43-40A1-8A33-22FD77DFE902}.Release|x64.ActiveCfg = Release|x64
		{CB7D0A70-ED43-40A1-8A33-22FD77DFE902}.Release|x64.Build.0 = Release|x64
		{CB7D0A70-ED43-40A1-8A33-22FD77DFE902}.Release|x86.ActiveCfg = Release|Win32
		{CB7D0A70-ED43-40A1-8A33-22FD77DFE902}.Release|x86.Build.0 = Release|Win32
		{4DA40EDB-0F15-4340-80BB-9139D55528E5}.Debug|x64.ActiveCfg = Debug|x64
		{4DA40EDB-0F15-4340-80BB-9139D55528E5}.Debug|x64.Build.0 = Debug|x64
		{4DA40EDB-0F15-4340-80BB-9139D55528E5}.Debug|x86.ActiveCfg = Debug|Win32
		{4DA40EDB-0F15-4340-80BB-9139D55528E5}.Debug|x86.Build.0 = Debug|Win32
		{4DA40EDB-0F15-4340-80BB-9139D55528E5}.Release|x64.ActiveCfg = Release|x64
		{4DA40EDB-0F15-4340-80BB-9139D55528E5}.Release|x64.Build.0 = Release|x64
		{4DA40EDB-0F15-4340-80BB-9139D55528E5}.Release|x86.ActiveCfg = Release|Win32
		{4DA40EDB-0F15-4340-80BB-9139D55528E5}.Release|x86.Build.0 = Release|Win32
		{C68DE210-73E2-4396-B5DD-D89B8462FC51}.Debug|x64.ActiveCfg = Debug|x64
		{C68DE210-73E2-4396-B5DD-D89B8462FC51}.Debug|x64.Build.0 = Debug|x64
		{C68DE210-73E2-4396-B5DD-D89B8462FC51}.Debug|x86.ActiveCfg = Debug|Win32
		{C68DE210-73E2-4396-B5DD-D89B8462FC51}.Debug|x86.Build.0 = Debug|Win32
		{C68DE210-73E2-4396-B5DD-D89B8462FC51}.Release|x64.ActiveCfg = Release|x64
		{C68DE210-73E2-4396-B5DD-D89B8462FC51}.Release|x64.Build.0 = Release|x64
		{C68DE210-73E2-4396-B5DD-D89B8462FC51}.Release|x86.ActiveCfg = Release|Win32
		{C68DE210-73E2-4396-B5DD-D89B8462FC51}.Release|x86.Build.0 = Release|Win32
		{22E4741C-768E-41E4-BC82-09E659ACD81D}.Debug|x64.ActiveCfg = Debug|x64
		{22E4741C-768E-41E4-BC82-09E659ACD81D}.Debug|x64.Build.0 = Debug|x64
		{22E4741C-768E-41E4-BC82-09E659ACD81D}.Debug|x86.ActiveCfg = Debug|Win32
		{22E4741C-768E-41E4-BC82-09E659ACD81D}.Debug|x86.Build.0 = Debug|Win32
		{22E4741C-768E-41E4-BC82-09E659ACD81D}.Release|x64.ActiveCfg = Release|x64
		{22E4741C-768E-41E4-BC82-09E659ACD81D}.Release|x64.Build.0 = Release|x64
		{22E4741C-768E-41E4-BC82-09E659ACD81D}.Release|x86.ActiveCfg = Release|Win32
		{22E4741C-768E-41E4-BC82-09E659ACD81D}.Release|x86.Build.0 = Release|Win32
		{B12FA4BE-B126-49C3-9FB4-9B8CD3CD2F52}.Debug|x64.ActiveCfg = Debug|x64
		{B12FA4BE-B126-49C3-9FB4-9B8CD3CD2F52}.Debug|x64.Build.0 = Debug|x64
		{B12FA4BE-B126-49C3-9FB4-9B8CD3CD2F52}.Debug|x86.ActiveCfg = Debug|Win32
		{B12FA4BE-B126-49C3-9FB4-9B8CD3CD2F52}.Debug|x86.Build.0 = Debug|Win32
		{B12FA4BE-B126-49C3-9FB4-9B8CD3CD2F52}.Release|x64.ActiveCfg = Release|x64
		{B12FA4BE-B126-49C3-9FB4-9B8CD3CD2F52}.Release|x64.Build.0 = Release|x64
		{B12FA4BE-B126-49C3-9FB4-9B8CD3CD2F52}.Release|x86.ActiveCfg = Release|Win32
		{B12FA4BE-B126-49C3-9FB4-9B8CD3CD2F52}.Release|x86.Build.0 = Release|Win32
		{DADA6D12-2A96-428B-BF83-2369BA3CE67F}.Debug|x64.ActiveCfg = Debug|x64
		{DADA6D12-2A96-428B-BF83-2369BA3CE67F}.Debug|x64.Build.0 = Debug|x64
		{DADA6D12-2A96-428B-BF83-2369BA3CE67F}.Debug|x86.ActiveCfg = Debug|Win32
		{DADA6D12-2A96-428B-BF83-2369BA3CE67F}.Debug|x86.Build.0 = Debug|Win32
		{DADA6D12-2A96-428B-BF83-2369BA3CE67F}.Release|x64.ActiveCfg = Release|x64
		{DADA6D12-2A96-428B-BF83-2369BA3CE67F}.Release|x64.Build.0 = Release|x64
		{DADA6D12-2A96-428B-BF83-2369BA3CE67F}.Release|x86.ActiveCfg = Release|Win32
		{DADA6D12-2A96-428B-BF83-2369BA3CE67F}.Release|x86.Build.0 = Release|Win32
		{95ACF356-99E6-423B-A3AD-7B11F9721734}.Debug|x64.ActiveCfg = Debug|x64
		{95ACF356-99E6-423B-A3AD-7B11F9721734}.Debug|x64.Build.0 = Debug|x64
		{95ACF356-99E6-423B-A3AD-7B11F9721734}.Debug|x86.ActiveCfg = Debug|Win32
		{95ACF356-99E6-423B-A3AD-7B11F9721734}.Debug|x86.Build.0 = Debug|Win32
		{95ACF356-99E6-423B-A3AD-7B11F9721734}.Release|x64.ActiveCfg = Release|x64
		{95ACF356-99E6-423B-A3AD-7B11F9721734}.Release|x64.Build.0 = Release|x64
		{95ACF356-99E6-423B-A3AD-7B11F9721734}.Release|x86.ActiveCfg = Release|Win32
		{95ACF356-99E6-423B-A3AD-7B11F9721734}.Release|x86.Build.0 = Release|Win32
		{93670141-6D49-4F39-A365-ADEE830AA115}.Debug|x64.ActiveCfg = Debug|x64
		{93670141-6D49-4F39-A365-ADEE830AA115}.Debug|x64.Build.0 = Debug|x64
		{93670141-6D49-4F39-A365-ADEE830AA115}.Debug|x86.ActiveCfg = Debug|Win32
		{93670141-6D49-4F39-A365-ADEE830AA115}.Debug|x86.Build.0 = Debug|Win32
		{93670141-6D49-4F39-A365-ADEE830AA115}.Release|x64.ActiveCfg = Release|x64
		{93670141-6D49-4F39-A365-ADEE830AA115}.Release|x64.Build.0 = Release|x64
		{93670141-6D49-4F39-A365-ADEE830AA115}.Release|x86.ActiveCfg = Release|Win32
		{93670141-6D49-4F39-A365-ADEE830AA115}.Release|x86.Build.0 = Release|Win32
		{166FD826-DD34-4202-8616-A9CAF4C88D4D}.Debug|x64.ActiveCfg = Debug|x64
		{166FD826-DD34-4202-8616-A9CAF4C88D4D}.Debug|x64.Build.0 = Debug|x64
		{166FD826-DD34-4202-8616-A9CAF4C88D4D}.Debug|x86.ActiveCfg = Debug|Win32
		{166FD826-DD34-4202-8616-A9CAF4C88D4D}.Debug|x86.Build.0 = Debug|Win32
		{166FD826-DD34-4202-8616-A9CAF4C88D4D}.Release|x64.ActiveCfg = Release|x64
		{166FD826-DD34-4202-8616-A9CAF4C88D4D}.Release|x64.Build.0 = Release|x64
		{166FD826-DD34-4202-8616-A9CAF4C88D4D}.Release|x86.ActiveCfg = Release|Win32
		{166FD826-DD34-4202-8616-A9CAF4C88D4D}.Release|x86.Build.0 = Release|Win32
		{29F2D909-331B-4B0E-81EE-B009B4976472}.Debug|x64.ActiveCfg = Debug|x64
		{29F2D909-331B-4B0E-81EE-B009B4976472}.Debug|x64.Build.0 = Debug|x64
		{29F2D909-331B-4B0E-81EE-B009B4976472}.Debug|x86.ActiveCfg = Debug|Win32
		{29F2D909-331B-4B0E-81EE-B009B4976472}.Debug|x86.Build.0 = Debug|Win32
		{29F2D909-331B-4B0E-81EE-B009B4976472}.Release|x64.ActiveCfg = Release|x64
		{29F2D909-331B-4B0E-81EE-B009B4976472}.Release|x64.Build.0 = Release|x64
		{29F2D909-331B-4B0E-81EE-B009B4976472}.Release|x86.ActiveCfg = Release|Win32
		{29F2D909-331B-4B0E-81EE-B009B4976472}.Release|x86.Build.0 = Release|Win32
		{EEB47ECA-086E-4364-97B1-2BCA1A0166D1}.Debug|x64.ActiveCfg = Debug|x64
		{EEB47ECA-086E-4364-97B1-2BCA1A0166D1}.Debug|x64.Build.0 = Debug|x64
		{EEB47ECA-086E-4364-97B1-2BCA1A0166D1}.Debug|x86.ActiveCfg = Debug|Win32
		{EEB47ECA-086E-4364-97B1-2BCA1A0166D1}.Debug|x86.Build.0 = Debug|Win32
		{EEB47ECA-086E-4364-97B1-2BCA1A0166D1}.Release|x64.ActiveCfg = Release|x64
		{EEB47ECA-086E-4364-97B1-2BCA1A0166D1}.Release|x64.Build.0 = Release|x64
		{EEB47ECA-086E-4364-97B1-2BCA1A0166D1}.Release|x86.ActiveCfg = Release|Win32
		{EEB47ECA-086E-4364-97B1-2BCA1A0166D1}.Release|x86.Build.0 = Release|Win32
		{194776F0-40FF-4B20-8061-20DFCE9846B5}.Debug|x64.ActiveCfg = Debug|x64
		{194776F0-40FF-4B20-8061-20DFCE9846B5}.Debug|x64.Build.0 = Debug|x64
		{194776F0-40FF-4B20-8061-20DFCE9846B5}.Debug|x86.ActiveCfg = Debug|Win32
		{194776F0-40FF-4B20-8061-20DFCE9846B5}.Debug|x86.Build.0 = Debug|Win32
		{194776F0-40FF-4B20-8061-20DFCE9846B5}.Release|x64.ActiveCfg = Release|x64
		{194776F0-40FF-4B20-8061-20DFCE9846B5}.Release|x64.Build.0 = Release|x64
		{194776F0-40FF-4B20-8061-20DFCE9846B5}.Release|x86.ActiveCfg = Release|Win32
		{194776F0-40FF-4B20-8061-20DFCE9846B5}.Release|x86.Build.0 = Release|Win32
		{F11D19F0-8862-4893-8FED-8F72ECEF7510}.Debug|x64.ActiveCfg = Debug|x64
		{F11D19F0-8862-4893-8FED-8F72ECEF7510}.Debug|x64.Build.0 = Debug|x64
		{F11D19F0-8862-4893-8FED-8F72ECEF7510}.Debug|x86.ActiveCfg = Debug|Win32
		{F11D19F0-8862-4893-8FED-8F72ECEF7510}.Debug|x86.Build.0 = Debug|Win32
		{F11D19F0-8862-4893-8FED-8F72ECEF7510}.Release|x64.ActiveCfg = Release|x64
		{F11D19F0-8862-4893-8FED-8F72ECEF7510}.Release|x64.Build.0 = Release|x64
		{F11D19F0-8862-4893-8FED-8F72ECEF7510}.Release|x86.ActiveCfg = Release|Win32
		{F11D19F0-8862-4893-8FED-8F72ECEF7510}.Release|x86.Build.0 = Release|Win32
		{50720CAB-5683-411C-87AA-EE4320286C88}.Debug|x64.ActiveCfg = Debug|x64
		{50720CAB-5683-411C-87AA-EE4320286C88}.Debug|x64.Build.0 = Debug|x64
		{50720CAB-5683-411C-87AA-EE4320286C88}.Debug|x86.ActiveCfg = Debug|Win32
		{50720CAB-5683-411C-87AA-EE4320286C88}.Debug|x86.Build.0 = Debug|Win32
		{50720CAB-5683-411C-87AA-EE4320286C88}.Release|x64.ActiveCfg = Release|x64
		{50720CAB-5683-411C-87AA-EE4320286C88}.Release|x64.Build.0 = Release|x64
		{50720CAB-5683-411C-87AA-EE4320286C88}.Release|x86.ActiveCfg = Release|Win32
		{50720CAB-5683-411C-87AA-EE4320286C88}.Release|x86.Build.0 = Release|Win32
		{4AFB65D3-E39D-4E3E-857D-37527F5E4D25}.Debug|x64.ActiveCfg = Debug|x64
		{4AFB65D3-E39D-4E3E-857D-37527F5E4D25}.Debug|x64.Build.0 = Debug|x64
		{4AFB65D3-E39D-4E3E-857D-37527F5E4D25}.Debug|x86.ActiveCfg = Debug|Win32
		{4AFB65D3-E39D-4E3E-857D-37527F5E4D25}.Debug|x86.Build.0 = Debug|Win32
		{4AFB65D3-E39D-4E3E-857D-37527F5E4D25}.Release|x64.ActiveCfg = Release|x64
		{4AFB65D3-E39D-4E3E-857D-37527F5E4D25}.Release|x64.Build.0 = Release|x64
		{4AFB65D3-E39D-4E3E-857D-37527F5E4D25}.Release|x86.ActiveCfg = Release|Win32
		{4AFB65D3-E39D-4E3E-857D-37527F5E4D25}.Release|x86.Build.0 = Release|Win32
		{26DC945B-4A5D-4651-B1ED-176D86B38F31}.Debug|x64.ActiveCfg = Debug|x64
		{26DC945B-4A5D-4651-B1ED-176D86B38F31}.Debug|x64.Build.0 = Debug|x64
		{26DC945B-4A5D-4651-B1ED-176D86B38F31}.Debug|x86.ActiveCfg = Debug|Win32
		{26DC945B-4A5D-4651-B1ED-176D86B38F31}.Debug|x86.Build.0 = Debug|Win32
		{26DC945B-4A5D-4651-B1ED-176D86B38F31}.Release|x64.ActiveCfg = Release|x64
		{26DC945B-4A5D-4651-B1ED-176D86B38F31}.Release|x64.Build.0 = Release|x64
		{26DC945B-4A5D-4651-B1ED-176D86B38F31}.Release|x86.ActiveCfg = Release|Win32
		{26DC945B-4A5D-4651-B1ED-176D86B38F31}.Release|x86.Build.0 = Release|Win32
		{7C8111C6-2776-46B7-BA0E-8BC9F2972FAD}.Debug|x64.ActiveCfg = Debug|x64
		{7C8111C6-2776-46B7-BA0E-8BC9F2972FAD}.Debug|x64.Build.0 = Debug|x64
		{7C8111C6-2776-46B7-BA0E-8BC9F2972FAD}.Debug|x86.ActiveCfg = Debug|Win32
		{7C8111C6-2776-46B7-BA0E-8BC9F2972FAD}.Debug|x86.Build.0 = Debug|Win32
		{7C8111C6-2776-46B7-BA0E-8BC9F2972FAD}.Release|x64.ActiveCfg = Release|x64
		{7C8111C6-2776-46B7-BA0E-8BC9F2972FAD}.Release|x64.Build.0 = Release|x64
		{7C8111C6-2776-46B7-BA0E-8BC9F2972FAD}.Release|x86.ActiveCfg = Release|Win32
		{7C8111C6-2776-46B7-BA0E-8BC9F2972FAD}.Release|x86.Build.0 = Release|Win32
		{F605C9A3-9619-42E7-8F63-A154E256B31E}.Debug|x64.ActiveCfg = Debug|x64
		{F605C9A3-9619-42E7-8F63-A154E256B31E}.Debug|x64.Build.0 = Debug|x64
		{F605C9A3-9619-42E7-8F63-A154E256B31E}.Debug|x86.ActiveCfg = Debug|Win32
		{F605C9A3-9619-42E7-8F63-A154E256B31E}.Debug|x86.Build.0 = Debug|Win32
		{F605C9A3-9619-42E7-8F63-A154E256B31E}.Release|x64.ActiveCfg = Release|x64
		{F605C9A3-9619-42E7-8F63-A154E256B31E}.Release|x64.Build.0 = Release|x64
		{F605C9A3-9619-42E7-8F63-A154E256B31E}.Release|x86.ActiveCfg = Release|Win32
		{F605C9A3-9619-42E7-8F63-A154E256B31E}.Release|x86.Build.0 = Release|Win32
		{8C1CBF04-BFB4-400C-974D-363DD514569D}.Debug|x64.ActiveCfg = Debug|x64
		{8C1CBF04-BFB4-400C-974D-363DD514569D}.Debug|x64.Build.0 = Debug|x64
		{8C1CBF04-BFB4-400C-974D-363DD514569D}.Debug|x86.ActiveCfg = Debug|Win32
		{8C1CBF04-BFB4-400C-974D-363DD514569D}.Debug|x86.Build.0 = Debug|Win32
		{8C1CBF04-BFB4-400C-974D-363DD514569D}.Release|x64.ActiveCfg = Release|x64
		{8C1CBF04-BFB4-400C-974D-363DD514569D}.Release|x64.Build.0 = Release|x64
		{8C1CBF04-BFB4-400C-974D-363DD514569D}.Release|x86.ActiveCfg = Release|Win32
		{8C1CBF04-BFB4-400C-974D-363DD514569D}.Release|x86.Build.0 = Release|Win32
		{3576D738-C97B-4C03-86AC-8A0146910BC8}.Debug|x64.ActiveCfg = Debug|x64
		{3576D738-C97B-4C03-86AC-8A0146910BC8}.Debug|x64.Build.0 = Debug|x64
		{3576D738-C97B-4C03-86AC-8A0146910BC8}.Debug|x86.ActiveCfg = Debug|Win32
		{3576D738-C97B-4C03-86AC-8A0146910BC8}.Debug|x86.Build.0 = Debug|Win32
		{3576D738-C97B-4C03-86AC-8A0146910BC8}.Release|x64.ActiveCfg = Release|x64
		{3576D738-C97B-4C03-86AC-8A0146910BC8}.Release|x64.Build.0 = Release|x64
		{3576D738-C97B-4C03-86AC-8A0146910BC8}.Release|x86.ActiveCfg = Release|Win32
		{3576D738-C97B-4C03-86AC-8A0146910BC8}.Release|x86.Build.0 = Release|Win32
		{0B9E7177-E85E-441D-A82B-E194FF60D82B}.Debug|x64.ActiveCfg = Debug|x64
		{0B9E7177-E85E-441D-A82B-E194FF60D82B}.Debug|x64.Build.0 = Debug|x64
		{0B9E7177-E85E-441D-A82B-E194FF60D82B}.Debug|x86.ActiveCfg = Debug|Win32
		{0B9E7177-E85E-441D-A82B-E194FF60D82B}.Debug|x86.Build.0 = Debug|Win32
		{0B9E7177-E85E-441D-A82B-E194FF60D82B}.Release|x64.ActiveCfg = Release|x64
		{0B9E7177-E85E-441D-A82B-E194FF60D82B}.Release|x64.Build.0 = Release|x64
		{0B9E7177-E85E-441D-A82B-E194FF60D82B}.Release|x86.ActiveCfg = Release|Win32
		{0B9E7177-E85E-441D-A82B-E194FF60D82B}.Release|x86.Build.0 = Release|Win32
		{A8E37D17-0068-4298-892A-919BD0A13CBB}.Debug|x64.ActiveCfg = Debug|x64
		{A8E37D17-0068-4298-892A-919BD0A13CBB}.Debug|x64.Build.0 = Debug|x64
		{A8E37D17-0068-4298-892A-919BD0A13CBB}.Debug|x86.ActiveCfg = Debug|Win32
		{A8E37D17-0068-4298-892A-919BD0A13CBB}.Debug|x86.Build.0 = Debug|Win32
		{A8E37D17-0068-4298-892A-919BD0A13CBB}.Release|x64.ActiveCfg = Release|x64
		{A8E37D17-0068-4298-892A-919BD0A13CBB}.Release|x64.Build.0 = Release|x64
		{A8E37D17-0068-4298-892A-919BD0A13CBB}.Release|x86.ActiveCfg = Release|Win32
		{A8E37D17-0068-4298-892A-919BD0A13CBB}.Release|x86.Build.0 = Release|Win32
		{E0892B1F-083D-4228-9BED-39C8937E225B}.Debug|x64.ActiveCfg = Debug|x64
		{E0892B1F-083D-4228-9BED-39C8937E225B}.Debug|x64.Build.0 = Debug|x64
		{E0892B1F-083D-4228-9BED-39C8937E225B}.Debug|x86.ActiveCfg = Debug|Win32
		{E0892B1F-083D-4228-9BED-39C8937E225B}.Debug|x86.Build.0 = Debug|Win32
		{E0892B1F-083D-4228-9BED-39C8937E225B}.Release|x64.ActiveCfg = Release|x64
		{E0892B1F-083D-4228-9BED-39C8937E225B}.Release|x64.Build.0 = Release|x64
		{E0892B1F-083D-4228-9BED-39C8937E225B}.Release|x86.ActiveCfg = Release|Win32
		{E0892B1F-083D-4228-9BED-39C8937E225B}.Release|x86.Build.0 = Release|Win32
		{3D38D526-F063-442F-AF10-DAC8DB4F0C78}.Debug|x64.ActiveCfg = Debug|x64
		{3D38D526-F063-442F-AF10-DAC8DB4F0C78}.Debug|x64.Build.0 = Debug|x64
		{3D38D526-F063-442F-AF10-DAC8DB4F0C78}.Debug|x86.ActiveCfg = Debug|Win32
		{3D38D526-F063-442F-AF10-DAC8DB4F0C78}.Debug|x86.Build.0 = Debug|Win32
		{3D38D526-F063-442F-AF10-DAC8DB4F0C78}.Release|x64.ActiveCfg = Release|x64
		{3D38D526-F063-442F-AF10-DAC8DB4F0C78}.Release|x64.Build.0 = Release|x64
		{3D38D526-F063-442F-AF10-DAC8DB4F0C78}.Release|x86.ActiveCfg = Release|Win32
		{3D38D526-F063-442F-AF10-DAC8DB4F0C78}.Release|x86.Build.0 = Release|Win32
	EndGlobalSection
	GlobalSection(SolutionProperties) = preSolution
		HideSolutionNode = FALSE
	EndGlobalSection
	GlobalSection(ExtensibilityGlobals) = postSolution
		SolutionGuid = {C541B0D9-231C-43FA-A3CA-A4319389F646}
	EndGlobalSection
EndGlobal
